
Microsoft Visual Studio Solution File, Format Version 12.00
# Visual Studio Version 16
VisualStudioVersion = 16.0.29123.88
MinimumVisualStudioVersion = 10.0.40219.1
Project("{FAE04EC0-301F-11D3-BF4B-00C04F79EFBC}") = "SampleProject.UWP", "SampleProject.UWP\SampleProject.UWP.csproj", "{ED620D96-D3C7-4333-8176-D6B9D7609970}"
EndProject
Project("{FAE04EC0-301F-11D3-BF4B-00C04F79EFBC}") = "SampleProject.Android", "SampleProject.Android\SampleProject.Android.csproj", "{91A6599C-8EE4-4765-AC51-9DA1EB86BEE2}"
EndProject
Project("{FAE04EC0-301F-11D3-BF4B-00C04F79EFBC}") = "SampleProject.iOS", "SampleProject.iOS\SampleProject.iOS.csproj", "{4759471B-2831-4A50-9EEF-42E4252D4445}"
EndProject
Project("{FAE04EC0-301F-11D3-BF4B-00C04F79EFBC}") = "SampleProject", "SampleProject\SampleProject.csproj", "{29648ED9-C805-4D5C-BD30-82CFCDC4B1FD}"
EndProject
Global
	GlobalSection(SolutionConfigurationPlatforms) = preSolution
		Debug|Any CPU = Debug|Any CPU
		Debug|ARM = Debug|ARM
		Debug|iPhone = Debug|iPhone
		Debug|iPhoneSimulator = Debug|iPhoneSimulator
		Debug|x64 = Debug|x64
		Debug|x86 = Debug|x86
		Release|Any CPU = Release|Any CPU
		Release|ARM = Release|ARM
		Release|iPhone = Release|iPhone
		Release|iPhoneSimulator = Release|iPhoneSimulator
		Release|x64 = Release|x64
		Release|x86 = Release|x86
	EndGlobalSection
	GlobalSection(ProjectConfigurationPlatforms) = postSolution
		{ED620D96-D3C7-4333-8176-D6B9D7609970}.Debug|Any CPU.ActiveCfg = Debug|x86
		{ED620D96-D3C7-4333-8176-D6B9D7609970}.Debug|Any CPU.Build.0 = Debug|x86
		{ED620D96-D3C7-4333-8176-D6B9D7609970}.Debug|Any CPU.Deploy.0 = Debug|x86
		{ED620D96-D3C7-4333-8176-D6B9D7609970}.Debug|ARM.ActiveCfg = Debug|ARM
		{ED620D96-D3C7-4333-8176-D6B9D7609970}.Debug|ARM.Build.0 = Debug|ARM
		{ED620D96-D3C7-4333-8176-D6B9D7609970}.Debug|ARM.Deploy.0 = Debug|ARM
		{ED620D96-D3C7-4333-8176-D6B9D7609970}.Debug|iPhone.ActiveCfg = Debug|x86
		{ED620D96-D3C7-4333-8176-D6B9D7609970}.Debug|iPhone.Build.0 = Debug|x86
		{ED620D96-D3C7-4333-8176-D6B9D7609970}.Debug|iPhone.Deploy.0 = Debug|x86
		{ED620D96-D3C7-4333-8176-D6B9D7609970}.Debug|iPhoneSimulator.ActiveCfg = Debug|x86
		{ED620D96-D3C7-4333-8176-D6B9D7609970}.Debug|iPhoneSimulator.Build.0 = Debug|x86
		{ED620D96-D3C7-4333-8176-D6B9D7609970}.Debug|iPhoneSimulator.Deploy.0 = Debug|x86
		{ED620D96-D3C7-4333-8176-D6B9D7609970}.Debug|x64.ActiveCfg = Debug|x64
		{ED620D96-D3C7-4333-8176-D6B9D7609970}.Debug|x64.Build.0 = Debug|x64
		{ED620D96-D3C7-4333-8176-D6B9D7609970}.Debug|x64.Deploy.0 = Debug|x64
		{ED620D96-D3C7-4333-8176-D6B9D7609970}.Debug|x86.ActiveCfg = Debug|x86
		{ED620D96-D3C7-4333-8176-D6B9D7609970}.Debug|x86.Build.0 = Debug|x86
		{ED620D96-D3C7-4333-8176-D6B9D7609970}.Debug|x86.Deploy.0 = Debug|x86
		{ED620D96-D3C7-4333-8176-D6B9D7609970}.Release|Any CPU.ActiveCfg = Release|x86
		{ED620D96-D3C7-4333-8176-D6B9D7609970}.Release|Any CPU.Build.0 = Release|x86
		{ED620D96-D3C7-4333-8176-D6B9D7609970}.Release|Any CPU.Deploy.0 = Release|x86
		{ED620D96-D3C7-4333-8176-D6B9D7609970}.Release|ARM.ActiveCfg = Release|ARM
		{ED620D96-D3C7-4333-8176-D6B9D7609970}.Release|ARM.Build.0 = Release|ARM
		{ED620D96-D3C7-4333-8176-D6B9D7609970}.Release|ARM.Deploy.0 = Release|ARM
		{ED620D96-D3C7-4333-8176-D6B9D7609970}.Release|iPhone.ActiveCfg = Release|x86
		{ED620D96-D3C7-4333-8176-D6B9D7609970}.Release|iPhone.Build.0 = Release|x86
		{ED620D96-D3C7-4333-8176-D6B9D7609970}.Release|iPhone.Deploy.0 = Release|x86
		{ED620D96-D3C7-4333-8176-D6B9D7609970}.Release|iPhoneSimulator.ActiveCfg = Release|x86
		{ED620D96-D3C7-4333-8176-D6B9D7609970}.Release|iPhoneSimulator.Build.0 = Release|x86
		{ED620D96-D3C7-4333-8176-D6B9D7609970}.Release|iPhoneSimulator.Deploy.0 = Release|x86
		{ED620D96-D3C7-4333-8176-D6B9D7609970}.Release|x64.ActiveCfg = Release|x64
		{ED620D96-D3C7-4333-8176-D6B9D7609970}.Release|x64.Build.0 = Release|x64
		{ED620D96-D3C7-4333-8176-D6B9D7609970}.Release|x64.Deploy.0 = Release|x64
		{ED620D96-D3C7-4333-8176-D6B9D7609970}.Release|x86.ActiveCfg = Release|x86
		{ED620D96-D3C7-4333-8176-D6B9D7609970}.Release|x86.Build.0 = Release|x86
		{ED620D96-D3C7-4333-8176-D6B9D7609970}.Release|x86.Deploy.0 = Release|x86
		{91A6599C-8EE4-4765-AC51-9DA1EB86BEE2}.Debug|Any CPU.ActiveCfg = Debug|Any CPU
		{91A6599C-8EE4-4765-AC51-9DA1EB86BEE2}.Debug|Any CPU.Build.0 = Debug|Any CPU
		{91A6599C-8EE4-4765-AC51-9DA1EB86BEE2}.Debug|Any CPU.Deploy.0 = Debug|Any CPU
		{91A6599C-8EE4-4765-AC51-9DA1EB86BEE2}.Debug|ARM.ActiveCfg = Debug|Any CPU
		{91A6599C-8EE4-4765-AC51-9DA1EB86BEE2}.Debug|ARM.Build.0 = Debug|Any CPU
		{91A6599C-8EE4-4765-AC51-9DA1EB86BEE2}.Debug|ARM.Deploy.0 = Debug|Any CPU
		{91A6599C-8EE4-4765-AC51-9DA1EB86BEE2}.Debug|iPhone.ActiveCfg = Debug|Any CPU
		{91A6599C-8EE4-4765-AC51-9DA1EB86BEE2}.Debug|iPhone.Build.0 = Debug|Any CPU
		{91A6599C-8EE4-4765-AC51-9DA1EB86BEE2}.Debug|iPhone.Deploy.0 = Debug|Any CPU
		{91A6599C-8EE4-4765-AC51-9DA1EB86BEE2}.Debug|iPhoneSimulator.ActiveCfg = Debug|Any CPU
		{91A6599C-8EE4-4765-AC51-9DA1EB86BEE2}.Debug|iPhoneSimulator.Build.0 = Debug|Any CPU
		{91A6599C-8EE4-4765-AC51-9DA1EB86BEE2}.Debug|iPhoneSimulator.Deploy.0 = Debug|Any CPU
		{91A6599C-8EE4-4765-AC51-9DA1EB86BEE2}.Debug|x64.ActiveCfg = Debug|Any CPU
		{91A6599C-8EE4-4765-AC51-9DA1EB86BEE2}.Debug|x64.Build.0 = Debug|Any CPU
		{91A6599C-8EE4-4765-AC51-9DA1EB86BEE2}.Debug|x64.Deploy.0 = Debug|Any CPU
		{91A6599C-8EE4-4765-AC51-9DA1EB86BEE2}.Debug|x86.ActiveCfg = Debug|Any CPU
		{91A6599C-8EE4-4765-AC51-9DA1EB86BEE2}.Debug|x86.Build.0 = Debug|Any CPU
		{91A6599C-8EE4-4765-AC51-9DA1EB86BEE2}.Debug|x86.Deploy.0 = Debug|Any CPU
		{91A6599C-8EE4-4765-AC51-9DA1EB86BEE2}.Release|Any CPU.ActiveCfg = Release|Any CPU
		{91A6599C-8EE4-4765-AC51-9DA1EB86BEE2}.Release|Any CPU.Build.0 = Release|Any CPU
		{91A6599C-8EE4-4765-AC51-9DA1EB86BEE2}.Release|Any CPU.Deploy.0 = Release|Any CPU
		{91A6599C-8EE4-4765-AC51-9DA1EB86BEE2}.Release|ARM.ActiveCfg = Release|Any CPU
		{91A6599C-8EE4-4765-AC51-9DA1EB86BEE2}.Release|ARM.Build.0 = Release|Any CPU
		{91A6599C-8EE4-4765-AC51-9DA1EB86BEE2}.Release|ARM.Deploy.0 = Release|Any CPU
		{91A6599C-8EE4-4765-AC51-9DA1EB86BEE2}.Release|iPhone.ActiveCfg = Release|Any CPU
		{91A6599C-8EE4-4765-AC51-9DA1EB86BEE2}.Release|iPhone.Build.0 = Release|Any CPU
		{91A6599C-8EE4-4765-AC51-9DA1EB86BEE2}.Release|iPhone.Deploy.0 = Release|Any CPU
		{91A6599C-8EE4-4765-AC51-9DA1EB86BEE2}.Release|iPhoneSimulator.ActiveCfg = Release|Any CPU
		{91A6599C-8EE4-4765-AC51-9DA1EB86BEE2}.Release|iPhoneSimulator.Build.0 = Release|Any CPU
		{91A6599C-8EE4-4765-AC51-9DA1EB86BEE2}.Release|iPhoneSimulator.Deploy.0 = Release|Any CPU
		{91A6599C-8EE4-4765-AC51-9DA1EB86BEE2}.Release|x64.ActiveCfg = Release|Any CPU
		{91A6599C-8EE4-4765-AC51-9DA1EB86BEE2}.Release|x64.Build.0 = Release|Any CPU
		{91A6599C-8EE4-4765-AC51-9DA1EB86BEE2}.Release|x64.Deploy.0 = Release|Any CPU
		{91A6599C-8EE4-4765-AC51-9DA1EB86BEE2}.Release|x86.ActiveCfg = Release|Any CPU
		{91A6599C-8EE4-4765-AC51-9DA1EB86BEE2}.Release|x86.Build.0 = Release|Any CPU
		{91A6599C-8EE4-4765-AC51-9DA1EB86BEE2}.Release|x86.Deploy.0 = Release|Any CPU
		{4759471B-2831-4A50-9EEF-42E4252D4445}.Debug|Any CPU.ActiveCfg = Debug|iPhone
		{4759471B-2831-4A50-9EEF-42E4252D4445}.Debug|Any CPU.Build.0 = Debug|iPhone
		{4759471B-2831-4A50-9EEF-42E4252D4445}.Debug|Any CPU.Deploy.0 = Debug|iPhone
		{4759471B-2831-4A50-9EEF-42E4252D4445}.Debug|ARM.ActiveCfg = Debug|iPhoneSimulator
		{4759471B-2831-4A50-9EEF-42E4252D4445}.Debug|ARM.Build.0 = Debug|iPhoneSimulator
		{4759471B-2831-4A50-9EEF-42E4252D4445}.Debug|ARM.Deploy.0 = Debug|iPhoneSimulator
		{4759471B-2831-4A50-9EEF-42E4252D4445}.Debug|iPhone.ActiveCfg = Debug|iPhone
		{4759471B-2831-4A50-9EEF-42E4252D4445}.Debug|iPhone.Build.0 = Debug|iPhone
		{4759471B-2831-4A50-9EEF-42E4252D4445}.Debug|iPhone.Deploy.0 = Debug|iPhone
		{4759471B-2831-4A50-9EEF-42E4252D4445}.Debug|iPhoneSimulator.ActiveCfg = Debug|iPhoneSimulator
		{4759471B-2831-4A50-9EEF-42E4252D4445}.Debug|iPhoneSimulator.Build.0 = Debug|iPhoneSimulator
		{4759471B-2831-4A50-9EEF-42E4252D4445}.Debug|iPhoneSimulator.Deploy.0 = Debug|iPhoneSimulator
		{4759471B-2831-4A50-9EEF-42E4252D4445}.Debug|x64.ActiveCfg = Debug|iPhone
		{4759471B-2831-4A50-9EEF-42E4252D4445}.Debug|x64.Build.0 = Debug|iPhone
		{4759471B-2831-4A50-9EEF-42E4252D4445}.Debug|x64.Deploy.0 = Debug|iPhone
		{4759471B-2831-4A50-9EEF-42E4252D4445}.Debug|x86.ActiveCfg = Debug|iPhone
		{4759471B-2831-4A50-9EEF-42E4252D4445}.Debug|x86.Build.0 = Debug|iPhone
		{4759471B-2831-4A50-9EEF-42E4252D4445}.Debug|x86.Deploy.0 = Debug|iPhone
		{4759471B-2831-4A50-9EEF-42E4252D4445}.Release|Any CPU.ActiveCfg = Release|iPhone
		{4759471B-2831-4A50-9EEF-42E4252D4445}.Release|Any CPU.Build.0 = Release|iPhone
		{4759471B-2831-4A50-9EEF-42E4252D4445}.Release|Any CPU.Deploy.0 = Release|iPhone
		{4759471B-2831-4A50-9EEF-42E4252D4445}.Release|ARM.ActiveCfg = Release|iPhone
		{4759471B-2831-4A50-9EEF-42E4252D4445}.Release|ARM.Build.0 = Release|iPhone
		{4759471B-2831-4A50-9EEF-42E4252D4445}.Release|ARM.Deploy.0 = Release|iPhone
		{4759471B-2831-4A50-9EEF-42E4252D4445}.Release|iPhone.ActiveCfg = Release|iPhone
		{4759471B-2831-4A50-9EEF-42E4252D4445}.Release|iPhone.Build.0 = Release|iPhone
		{4759471B-2831-4A50-9EEF-42E4252D4445}.Release|iPhone.Deploy.0 = Release|iPhone
		{4759471B-2831-4A50-9EEF-42E4252D4445}.Release|iPhoneSimulator.ActiveCfg = Release|iPhoneSimulator
		{4759471B-2831-4A50-9EEF-42E4252D4445}.Release|iPhoneSimulator.Build.0 = Release|iPhoneSimulator
		{4759471B-2831-4A50-9EEF-42E4252D4445}.Release|iPhoneSimulator.Deploy.0 = Release|iPhoneSimulator
		{4759471B-2831-4A50-9EEF-42E4252D4445}.Release|x64.ActiveCfg = Release|iPhone
		{4759471B-2831-4A50-9EEF-42E4252D4445}.Release|x64.Build.0 = Release|iPhone
		{4759471B-2831-4A50-9EEF-42E4252D4445}.Release|x64.Deploy.0 = Release|iPhone
		{4759471B-2831-4A50-9EEF-42E4252D4445}.Release|x86.ActiveCfg = Release|iPhone
		{4759471B-2831-4A50-9EEF-42E4252D4445}.Release|x86.Build.0 = Release|iPhone
		{4759471B-2831-4A50-9EEF-42E4252D4445}.Release|x86.Deploy.0 = Release|iPhone
		{29648ED9-C805-4D5C-BD30-82CFCDC4B1FD}.Debug|Any CPU.ActiveCfg = Debug|Any CPU
		{29648ED9-C805-4D5C-BD30-82CFCDC4B1FD}.Debug|Any CPU.Build.0 = Debug|Any CPU
		{29648ED9-C805-4D5C-BD30-82CFCDC4B1FD}.Debug|Any CPU.Deploy.0 = Debug|Any CPU
		{29648ED9-C805-4D5C-BD30-82CFCDC4B1FD}.Debug|ARM.ActiveCfg = Debug|Any CPU
		{29648ED9-C805-4D5C-BD30-82CFCDC4B1FD}.Debug|ARM.Build.0 = Debug|Any CPU
		{29648ED9-C805-4D5C-BD30-82CFCDC4B1FD}.Debug|ARM.Deploy.0 = Debug|Any CPU
		{29648ED9-C805-4D5C-BD30-82CFCDC4B1FD}.Debug|iPhone.ActiveCfg = Debug|Any CPU
		{29648ED9-C805-4D5C-BD30-82CFCDC4B1FD}.Debug|iPhone.Build.0 = Debug|Any CPU
		{29648ED9-C805-4D5C-BD30-82CFCDC4B1FD}.Debug|iPhone.Deploy.0 = Debug|Any CPU
		{29648ED9-C805-4D5C-BD30-82CFCDC4B1FD}.Debug|iPhoneSimulator.ActiveCfg = Debug|Any CPU
		{29648ED9-C805-4D5C-BD30-82CFCDC4B1FD}.Debug|iPhoneSimulator.Build.0 = Debug|Any CPU
		{29648ED9-C805-4D5C-BD30-82CFCDC4B1FD}.Debug|iPhoneSimulator.Deploy.0 = Debug|Any CPU
		{29648ED9-C805-4D5C-BD30-82CFCDC4B1FD}.Debug|x64.ActiveCfg = Debug|Any CPU
		{29648ED9-C805-4D5C-BD30-82CFCDC4B1FD}.Debug|x64.Build.0 = Debug|Any CPU
		{29648ED9-C805-4D5C-BD30-82CFCDC4B1FD}.Debug|x64.Deploy.0 = Debug|Any CPU
		{29648ED9-C805-4D5C-BD30-82CFCDC4B1FD}.Debug|x86.ActiveCfg = Debug|Any CPU
		{29648ED9-C805-4D5C-BD30-82CFCDC4B1FD}.Debug|x86.Build.0 = Debug|Any CPU
		{29648ED9-C805-4D5C-BD30-82CFCDC4B1FD}.Debug|x86.Deploy.0 = Debug|Any CPU
		{29648ED9-C805-4D5C-BD30-82CFCDC4B1FD}.Release|Any CPU.ActiveCfg = Release|Any CPU
		{29648ED9-C805-4D5C-BD30-82CFCDC4B1FD}.Release|Any CPU.Build.0 = Release|Any CPU
		{29648ED9-C805-4D5C-BD30-82CFCDC4B1FD}.Release|Any CPU.Deploy.0 = Release|Any CPU
		{29648ED9-C805-4D5C-BD30-82CFCDC4B1FD}.Release|ARM.ActiveCfg = Release|Any CPU
		{29648ED9-C805-4D5C-BD30-82CFCDC4B1FD}.Release|ARM.Build.0 = Release|Any CPU
		{29648ED9-C805-4D5C-BD30-82CFCDC4B1FD}.Release|ARM.Deploy.0 = Release|Any CPU
		{29648ED9-C805-4D5C-BD30-82CFCDC4B1FD}.Release|iPhone.ActiveCfg = Release|Any CPU
		{29648ED9-C805-4D5C-BD30-82CFCDC4B1FD}.Release|iPhone.Build.0 = Release|Any CPU
		{29648ED9-C805-4D5C-BD30-82CFCDC4B1FD}.Release|iPhone.Deploy.0 = Release|Any CPU
		{29648ED9-C805-4D5C-BD30-82CFCDC4B1FD}.Release|iPhoneSimulator.ActiveCfg = Release|Any CPU
		{29648ED9-C805-4D5C-BD30-82CFCDC4B1FD}.Release|iPhoneSimulator.Build.0 = Release|Any CPU
		{29648ED9-C805-4D5C-BD30-82CFCDC4B1FD}.Release|iPhoneSimulator.Deploy.0 = Release|Any CPU
		{29648ED9-C805-4D5C-BD30-82CFCDC4B1FD}.Release|x64.ActiveCfg = Release|Any CPU
		{29648ED9-C805-4D5C-BD30-82CFCDC4B1FD}.Release|x64.Build.0 = Release|Any CPU
		{29648ED9-C805-4D5C-BD30-82CFCDC4B1FD}.Release|x64.Deploy.0 = Release|Any CPU
		{29648ED9-C805-4D5C-BD30-82CFCDC4B1FD}.Release|x86.ActiveCfg = Release|Any CPU
		{29648ED9-C805-4D5C-BD30-82CFCDC4B1FD}.Release|x86.Build.0 = Release|Any CPU
		{29648ED9-C805-4D5C-BD30-82CFCDC4B1FD}.Release|x86.Deploy.0 = Release|Any CPU
	EndGlobalSection
	GlobalSection(SolutionProperties) = preSolution
		HideSolutionNode = FALSE
	EndGlobalSection
	GlobalSection(ExtensibilityGlobals) = postSolution
		SolutionGuid = {2A42B9A3-5AF3-46DC-AC31-0F48C6ADD404}
	EndGlobalSection
EndGlobal
